{"1.1.0",
[{<<"chatterbox">>,
  {git,"https://github.com/joedevivo/chatterbox.git",
       {ref,"378ea0917360070579495376143131ffcc995e01"}},
  1},
 {<<"cowboy">>,
  {git,"https://github.com/ninenines/cowboy.git",
       {ref,"dbb636034f20736e16eb9d6c809217c9525b6cbd"}},
  1},
 {<<"cowlib">>,
  {git,"https://github.com/ninenines/cowlib",
       {ref,"11e07d3c2b164d06ad35188d83ad70e7501396db"}},
  2},
 {<<"deliverly">>,
  {git,"https://github.com/deliverly/deliverly-core.git",
       {ref,"64c97484e1632ebd82c5e4bd6429addf036131eb"}},
  0},
 {<<"eredis">>,{pkg,<<"eredis">>,<<"1.0.8">>},1},
 {<<"erlgrpc">>,
  {git,"https://github.com/palkan/erlgrpc.git",
       {ref,"c4a403f71f3b32e21e7a97bc69dcdb7931e83880"}},
  0},
 {<<"goldrush">>,{pkg,<<"goldrush">>,<<"0.1.9">>},1},
 {<<"hpack">>,{pkg,<<"hpack_erl">>,<<"0.2.3">>},2},
 {<<"jsx">>,{pkg,<<"jsx">>,<<"2.8.0">>},1},
 {<<"lager">>,{pkg,<<"lager">>,<<"3.5.1">>},0},
 {<<"poolboy">>,{pkg,<<"poolboy">>,<<"1.5.1">>},0},
 {<<"ranch">>,{pkg,<<"ranch">>,<<"1.2.1">>},1},
 {<<"ulitos">>,{pkg,<<"ulitos">>,<<"0.4.0">>},0}]}.
[
{pkg_hash,[
 {<<"eredis">>, <<"AB4FDA1C4BA7FBE6C19C26C249DC13DA916D762502C4B4FA2DF401A8D51C5364">>},
 {<<"goldrush">>, <<"F06E5D5F1277DA5C413E84D5A2924174182FB108DABB39D5EC548B27424CD106">>},
 {<<"hpack">>, <<"17670F83FF984AE6CD74B1C456EDDE906D27FF013740EE4D9EFAA4F1BF999633">>},
 {<<"jsx">>, <<"749BEC6D205C694AE1786D62CEA6CC45A390437E24835FD16D12D74F07097727">>},
 {<<"lager">>, <<"63897A61AF646C59BB928FEE9756CE8BDD02D5A1A2F3551D4A5E38386C2CC071">>},
 {<<"poolboy">>, <<"6B46163901CFD0A1B43D692657ED9D7E599853B3B21B95AE5AE0A777CF9B6CA8">>},
 {<<"ranch">>, <<"A6FB992C10F2187B46FFD17CE398DDF8A54F691B81768F9EF5F461EA7E28C762">>},
 {<<"ulitos">>, <<"BCDF0528AF4B59F1CB7D710E4B056688751C600833F31F504FEC4BAA88F0F42B">>}]}
].
